
Microsoft Visual Studio Solution File, Format Version 12.00
# Visual Studio Version 17
VisualStudioVersion = 17.5.002.0
MinimumVisualStudioVersion = 10.0.40219.1
Project("{9A19103F-16F7-4668-BE54-9A1E7A4F7556}") = "webapi", "webapi\webapi.csproj", "{B21543F7-87BE-4AC0-8050-7FA3395C9BEE}"
EndProject
Global
	GlobalSection(SolutionConfigurationPlatforms) = preSolution
		Debug|Any CPU = Debug|Any CPU
		Release|Any CPU = Release|Any CPU
	EndGlobalSection
	GlobalSection(ProjectConfigurationPlatforms) = postSolution
		{B21543F7-87BE-4AC0-8050-7FA3395C9BEE}.Debug|Any CPU.ActiveCfg = Debug|Any CPU
		{B21543F7-87BE-4AC0-8050-7FA3395C9BEE}.Debug|Any CPU.Build.0 = Debug|Any CPU
		{B21543F7-87BE-4AC0-8050-7FA3395C9BEE}.Release|Any CPU.ActiveCfg = Release|Any CPU
		{B21543F7-87BE-4AC0-8050-7FA3395C9BEE}.Release|Any CPU.Build.0 = Release|Any CPU
	EndGlobalSection
	GlobalSection(SolutionProperties) = preSolution
		HideSolutionNode = FALSE
	EndGlobalSection
	GlobalSection(ExtensibilityGlobals) = postSolution
		SolutionGuid = {2DA15714-C709-4C4A-A2AF-302BD636EE8B}
	EndGlobalSection
EndGlobal
